
Microsoft Visual Studio Solution File, Format Version 12.00
# Visual Studio 2013
VisualStudioVersion = 12.0.21005.1
MinimumVisualStudioVersion = 10.0.40219.1
Project("{FAE04EC0-301F-11D3-BF4B-00C04F79EFBC}") = "LucyRedcay", "LucyRedcay\LucyRedcay.csproj", "{F59EB39C-74FA-4302-9CB3-4AE6E2619845}"
EndProject
Project("{FAE04EC0-301F-11D3-BF4B-00C04F79EFBC}") = "LucyRedcay.Tests", "LucyRedcay.Tests\LucyRedcay.Tests.csproj", "{0A4E2E55-9D3A-4F6E-AE81-490FBCCB7BBA}"
EndProject
Global
	GlobalSection(SolutionConfigurationPlatforms) = preSolution
		Debug|Any CPU = Debug|Any CPU
		Release|Any CPU = Release|Any CPU
	EndGlobalSection
	GlobalSection(ProjectConfigurationPlatforms) = postSolution
		{F59EB39C-74FA-4302-9CB3-4AE6E2619845}.Debug|Any CPU.ActiveCfg = Debug|Any CPU
		{F59EB39C-74FA-4302-9CB3-4AE6E2619845}.Debug|Any CPU.Build.0 = Debug|Any CPU
		{F59EB39C-74FA-4302-9CB3-4AE6E2619845}.Release|Any CPU.ActiveCfg = Release|Any CPU
		{F59EB39C-74FA-4302-9CB3-4AE6E2619845}.Release|Any CPU.Build.0 = Release|Any CPU
		{0A4E2E55-9D3A-4F6E-AE81-490FBCCB7BBA}.Debug|Any CPU.ActiveCfg = Debug|Any CPU
		{0A4E2E55-9D3A-4F6E-AE81-490FBCCB7BBA}.Debug|Any CPU.Build.0 = Debug|Any CPU
		{0A4E2E55-9D3A-4F6E-AE81-490FBCCB7BBA}.Release|Any CPU.ActiveCfg = Release|Any CPU
		{0A4E2E55-9D3A-4F6E-AE81-490FBCCB7BBA}.Release|Any CPU.Build.0 = Release|Any CPU
	EndGlobalSection
	GlobalSection(SolutionProperties) = preSolution
		HideSolutionNode = FALSE
	EndGlobalSection
EndGlobal
